
Microsoft Visual Studio Solution File, Format Version 12.00
# Visual Studio 15
VisualStudioVersion = 15.0.26430.16
MinimumVisualStudioVersion = 10.0.40219.1
Project("{FAE04EC0-301F-11D3-BF4B-00C04F79EFBC}") = "MvxSamples.Validation.Droid", "MvxSamples.Validation.Droid\MvxSamples.Validation.Droid.csproj", "{2FF1B19C-B14C-46B3-BE56-78743AD361A2}"
EndProject
Project("{FAE04EC0-301F-11D3-BF4B-00C04F79EFBC}") = "MvxSamples.Validation.Core", "MvxSamples.Validation.Core\MvxSamples.Validation.Core.csproj", "{8241CB11-32E3-40AD-9B71-AD4976502BBA}"
EndProject
Global
	GlobalSection(SolutionConfigurationPlatforms) = preSolution
		Debug|Any CPU = Debug|Any CPU
		Release|Any CPU = Release|Any CPU
	EndGlobalSection
	GlobalSection(ProjectConfigurationPlatforms) = postSolution
		{2FF1B19C-B14C-46B3-BE56-78743AD361A2}.Debug|Any CPU.ActiveCfg = Debug|Any CPU
		{2FF1B19C-B14C-46B3-BE56-78743AD361A2}.Debug|Any CPU.Build.0 = Debug|Any CPU
		{2FF1B19C-B14C-46B3-BE56-78743AD361A2}.Debug|Any CPU.Deploy.0 = Debug|Any CPU
		{2FF1B19C-B14C-46B3-BE56-78743AD361A2}.Release|Any CPU.ActiveCfg = Release|Any CPU
		{2FF1B19C-B14C-46B3-BE56-78743AD361A2}.Release|Any CPU.Build.0 = Release|Any CPU
		{2FF1B19C-B14C-46B3-BE56-78743AD361A2}.Release|Any CPU.Deploy.0 = Release|Any CPU
		{8241CB11-32E3-40AD-9B71-AD4976502BBA}.Debug|Any CPU.ActiveCfg = Debug|Any CPU
		{8241CB11-32E3-40AD-9B71-AD4976502BBA}.Debug|Any CPU.Build.0 = Debug|Any CPU
		{8241CB11-32E3-40AD-9B71-AD4976502BBA}.Release|Any CPU.ActiveCfg = Release|Any CPU
		{8241CB11-32E3-40AD-9B71-AD4976502BBA}.Release|Any CPU.Build.0 = Release|Any CPU
	EndGlobalSection
	GlobalSection(SolutionProperties) = preSolution
		HideSolutionNode = FALSE
	EndGlobalSection
EndGlobal
